
Microsoft Visual Studio Solution File, Format Version 12.00
# Visual Studio Version 17
VisualStudioVersion = 17.7.34024.191
MinimumVisualStudioVersion = 10.0.40219.1
Project("{9A19103F-16F7-4668-BE54-9A1E7A4F7556}") = "standardbank.Domain", "standardbank.Domain\standardbank.Domain.csproj", "{1615811F-5CB1-4FA8-B1B0-7872FB9D8C61}"
EndProject
Project("{9A19103F-16F7-4668-BE54-9A1E7A4F7556}") = "pokemanAPI", "pokemanAPI\pokemanAPI.csproj", "{D82A533C-5388-4E57-A6F7-3677C761AA33}"
EndProject
Global
	GlobalSection(SolutionConfigurationPlatforms) = preSolution
		Debug|Any CPU = Debug|Any CPU
		Release|Any CPU = Release|Any CPU
	EndGlobalSection
	GlobalSection(ProjectConfigurationPlatforms) = postSolution
		{1615811F-5CB1-4FA8-B1B0-7872FB9D8C61}.Debug|Any CPU.ActiveCfg = Debug|Any CPU
		{1615811F-5CB1-4FA8-B1B0-7872FB9D8C61}.Debug|Any CPU.Build.0 = Debug|Any CPU
		{1615811F-5CB1-4FA8-B1B0-7872FB9D8C61}.Release|Any CPU.ActiveCfg = Release|Any CPU
		{1615811F-5CB1-4FA8-B1B0-7872FB9D8C61}.Release|Any CPU.Build.0 = Release|Any CPU
		{D82A533C-5388-4E57-A6F7-3677C761AA33}.Debug|Any CPU.ActiveCfg = Debug|Any CPU
		{D82A533C-5388-4E57-A6F7-3677C761AA33}.Debug|Any CPU.Build.0 = Debug|Any CPU
		{D82A533C-5388-4E57-A6F7-3677C761AA33}.Release|Any CPU.ActiveCfg = Release|Any CPU
		{D82A533C-5388-4E57-A6F7-3677C761AA33}.Release|Any CPU.Build.0 = Release|Any CPU
	EndGlobalSection
	GlobalSection(SolutionProperties) = preSolution
		HideSolutionNode = FALSE
	EndGlobalSection
	GlobalSection(ExtensibilityGlobals) = postSolution
		SolutionGuid = {443D0D38-F11E-4E89-A68D-6251BCB62F08}
	EndGlobalSection
EndGlobal
